
Microsoft Visual Studio Solution File, Format Version 12.00
# Visual Studio 15
VisualStudioVersion = 15.0.27703.2018
MinimumVisualStudioVersion = 10.0.40219.1
Project("{FAE04EC0-301F-11D3-BF4B-00C04F79EFBC}") = "AutomationSolution", "AutomationSolution\AutomationSolution.csproj", "{0C9F5B60-5164-44FC-B2D0-0E31AD838C79}"
EndProject
Project("{FAE04EC0-301F-11D3-BF4B-00C04F79EFBC}") = "HowMuchToBorrowBDD", "UnitTestProject1\HowMuchToBorrowBDD.csproj", "{FCDEEE1D-ECC6-4DF1-B4C2-88F778F61CEB}"
EndProject
Global
	GlobalSection(SolutionConfigurationPlatforms) = preSolution
		Debug|Any CPU = Debug|Any CPU
		Release|Any CPU = Release|Any CPU
	EndGlobalSection
	GlobalSection(ProjectConfigurationPlatforms) = postSolution
		{0C9F5B60-5164-44FC-B2D0-0E31AD838C79}.Debug|Any CPU.ActiveCfg = Debug|Any CPU
		{0C9F5B60-5164-44FC-B2D0-0E31AD838C79}.Debug|Any CPU.Build.0 = Debug|Any CPU
		{0C9F5B60-5164-44FC-B2D0-0E31AD838C79}.Release|Any CPU.ActiveCfg = Release|Any CPU
		{0C9F5B60-5164-44FC-B2D0-0E31AD838C79}.Release|Any CPU.Build.0 = Release|Any CPU
		{FCDEEE1D-ECC6-4DF1-B4C2-88F778F61CEB}.Debug|Any CPU.ActiveCfg = Debug|Any CPU
		{FCDEEE1D-ECC6-4DF1-B4C2-88F778F61CEB}.Debug|Any CPU.Build.0 = Debug|Any CPU
		{FCDEEE1D-ECC6-4DF1-B4C2-88F778F61CEB}.Release|Any CPU.ActiveCfg = Release|Any CPU
		{FCDEEE1D-ECC6-4DF1-B4C2-88F778F61CEB}.Release|Any CPU.Build.0 = Release|Any CPU
	EndGlobalSection
	GlobalSection(SolutionProperties) = preSolution
		HideSolutionNode = FALSE
	EndGlobalSection
	GlobalSection(ExtensibilityGlobals) = postSolution
		SolutionGuid = {7D53CD42-2C74-479C-8E8B-C270FE4539DE}
	EndGlobalSection
EndGlobal
